
Microsoft Visual Studio Solution File, Format Version 12.00
# Visual Studio 15
VisualStudioVersion = 15.0.28307.489
MinimumVisualStudioVersion = 10.0.40219.1
Project("{9A19103F-16F7-4668-BE54-9A1E7A4F7556}") = "Deadlines", "Deadlines\Deadlines.csproj", "{0BE280DA-BB0D-4EBF-8132-D7F205AF1745}"
EndProject
Project("{2150E333-8FDC-42A3-9474-1A3956D46DE8}") = "Docker", "Docker", "{F106DC8E-4B55-4FF2-9481-A8F62B18BB89}"
	ProjectSection(SolutionItems) = preProject
		Dockerfile = Dockerfile
	EndProjectSection
EndProject
Global
	GlobalSection(SolutionConfigurationPlatforms) = preSolution
		Debug|Any CPU = Debug|Any CPU
		Release|Any CPU = Release|Any CPU
	EndGlobalSection
	GlobalSection(ProjectConfigurationPlatforms) = postSolution
		{0BE280DA-BB0D-4EBF-8132-D7F205AF1745}.Debug|Any CPU.ActiveCfg = Debug|Any CPU
		{0BE280DA-BB0D-4EBF-8132-D7F205AF1745}.Debug|Any CPU.Build.0 = Debug|Any CPU
		{0BE280DA-BB0D-4EBF-8132-D7F205AF1745}.Release|Any CPU.ActiveCfg = Release|Any CPU
		{0BE280DA-BB0D-4EBF-8132-D7F205AF1745}.Release|Any CPU.Build.0 = Release|Any CPU
	EndGlobalSection
	GlobalSection(SolutionProperties) = preSolution
		HideSolutionNode = FALSE
	EndGlobalSection
	GlobalSection(ExtensibilityGlobals) = postSolution
		SolutionGuid = {FD457760-82BB-42B6-AA84-74A44FD6357E}
	EndGlobalSection
EndGlobal
